// !$*UTF8*$!
{
	archiveVersion = 1;
	classes = {
	};
	objectVersion = 55;
	objects = {

/* Begin PBXBuildFile section */
		039EBF1C84CF0741F318BC0B /* Pods_DailyToDoList.framework in Frameworks */ = {isa = PBXBuildFile; fileRef = B424714D6DA22D6AC0DEDBF4 /* Pods_DailyToDoList.framework */; };
		8FE067354A8C310CB276DF1F /* Pods_DailyToDoList_DailyToDoListUITests.framework in Frameworks */ = {isa = PBXBuildFile; fileRef = CF14B2D32E19ED93024DA425 /* Pods_DailyToDoList_DailyToDoListUITests.framework */; };
		B0FF32B014443FCB4CB82F57 /* Pods_DailyToDoListWidgetExtension.framework in Frameworks */ = {isa = PBXBuildFile; fileRef = DA0361B340816FBD1DE99C05 /* Pods_DailyToDoListWidgetExtension.framework */; };
		CF487EA528F1B6D200498451 /* TaskListEntryView.swift in Sources */ = {isa = PBXBuildFile; fileRef = CF487EA428F1B6D200498451 /* TaskListEntryView.swift */; };
		CF487EA728F1B6F100498451 /* TaskListProvider.swift in Sources */ = {isa = PBXBuildFile; fileRef = CF487EA628F1B6F100498451 /* TaskListProvider.swift */; };
		CF487EA828F1B6FF00498451 /* TaskListProvider.swift in Sources */ = {isa = PBXBuildFile; fileRef = CF487EA628F1B6F100498451 /* TaskListProvider.swift */; };
		CF487EA928F1B71900498451 /* TaskListEntryView.swift in Sources */ = {isa = PBXBuildFile; fileRef = CF487EA428F1B6D200498451 /* TaskListEntryView.swift */; };
		CF487EAA28F1B72900498451 /* Utils.swift in Sources */ = {isa = PBXBuildFile; fileRef = CFEB4A3928F14CA0008850DC /* Utils.swift */; };
		CF487EAD28F1B76500498451 /* WidgetManager.swift in Sources */ = {isa = PBXBuildFile; fileRef = CF487EA128F1B69500498451 /* WidgetManager.swift */; };
		CF7595FE28FD19870046FDC1 /* MonthlyTaskCell.swift in Sources */ = {isa = PBXBuildFile; fileRef = CF7595FD28FD19870046FDC1 /* MonthlyTaskCell.swift */; };
		CF75960028FD1D7F0046FDC1 /* CustomCalendarView.swift in Sources */ = {isa = PBXBuildFile; fileRef = CF7595FF28FD1D7F0046FDC1 /* CustomCalendarView.swift */; };
		CF75960228FD1F1B0046FDC1 /* MainVCExtension.swift in Sources */ = {isa = PBXBuildFile; fileRef = CF75960128FD1F1B0046FDC1 /* MainVCExtension.swift */; };
		CF75960A2900F35B0046FDC1 /* SideMenu.storyboard in Resources */ = {isa = PBXBuildFile; fileRef = CF7596092900F35B0046FDC1 /* SideMenu.storyboard */; };
		CF75960C2900F39A0046FDC1 /* CustomSideMenuNavigation.swift in Sources */ = {isa = PBXBuildFile; fileRef = CF75960B2900F39A0046FDC1 /* CustomSideMenuNavigation.swift */; };
		CF7596102900F48A0046FDC1 /* SideMenuViewController.swift in Sources */ = {isa = PBXBuildFile; fileRef = CF75960F2900F48A0046FDC1 /* SideMenuViewController.swift */; };
		CF7596142901188B0046FDC1 /* SystemManager.swift in Sources */ = {isa = PBXBuildFile; fileRef = CFEB4A5328F1559D008850DC /* SystemManager.swift */; };
		CF759619290119A50046FDC1 /* CustomCalendarView.swift in Sources */ = {isa = PBXBuildFile; fileRef = CF7595FF28FD1D7F0046FDC1 /* CustomCalendarView.swift */; };
		CF759622290119B80046FDC1 /* CategoryViewController.swift in Sources */ = {isa = PBXBuildFile; fileRef = CFEB4A6728F165D1008850DC /* CategoryViewController.swift */; };
		CF759623290119B80046FDC1 /* TaskInfoViewController.swift in Sources */ = {isa = PBXBuildFile; fileRef = CFD0B14728F91CEA0029D936 /* TaskInfoViewController.swift */; };
		CF759624290119B80046FDC1 /* ColorPickerViewController.swift in Sources */ = {isa = PBXBuildFile; fileRef = CFEB4A6928F1672F008850DC /* ColorPickerViewController.swift */; };
		CF759625290119B80046FDC1 /* SideMenuViewController.swift in Sources */ = {isa = PBXBuildFile; fileRef = CF75960F2900F48A0046FDC1 /* SideMenuViewController.swift */; };
		CF759626290119B80046FDC1 /* RepeatViewController.swift in Sources */ = {isa = PBXBuildFile; fileRef = CFEB4A6328F16243008850DC /* RepeatViewController.swift */; };
		CF759627290119B80046FDC1 /* PickerViewController.swift in Sources */ = {isa = PBXBuildFile; fileRef = CFEB4A6D28F16B27008850DC /* PickerViewController.swift */; };
		CF75962B290119B80046FDC1 /* SettingViewController.swift in Sources */ = {isa = PBXBuildFile; fileRef = CFEB4A3728F14BEF008850DC /* SettingViewController.swift */; };
		CF75962C290119B80046FDC1 /* CustomSideMenuNavigation.swift in Sources */ = {isa = PBXBuildFile; fileRef = CF75960B2900F39A0046FDC1 /* CustomSideMenuNavigation.swift */; };
		CF75962D290119B80046FDC1 /* CustomNavigationController.swift in Sources */ = {isa = PBXBuildFile; fileRef = CFEB4A5F28F15621008850DC /* CustomNavigationController.swift */; };
		CF75962E290119D50046FDC1 /* DailyTaskCell.swift in Sources */ = {isa = PBXBuildFile; fileRef = CFEB4A4728F14D25008850DC /* DailyTaskCell.swift */; };
		CF75962F290119D50046FDC1 /* RepeatResult.swift in Sources */ = {isa = PBXBuildFile; fileRef = CFEB4A4028F14D1C008850DC /* RepeatResult.swift */; };
		CF759630290119D50046FDC1 /* MonthlyTaskCell.swift in Sources */ = {isa = PBXBuildFile; fileRef = CF7595FD28FD19870046FDC1 /* MonthlyTaskCell.swift */; };
		CFB6EDFD28F1793B00E93585 /* WidgetKit.framework in Frameworks */ = {isa = PBXBuildFile; fileRef = CFEB4A0F28F133B3008850DC /* WidgetKit.framework */; };
		CFB6EDFE28F1793B00E93585 /* SwiftUI.framework in Frameworks */ = {isa = PBXBuildFile; fileRef = CFEB4A1128F133B3008850DC /* SwiftUI.framework */; };
		CFB6EE0128F1793B00E93585 /* DailyToDoListWidget.swift in Sources */ = {isa = PBXBuildFile; fileRef = CFB6EE0028F1793B00E93585 /* DailyToDoListWidget.swift */; };
		CFB6EE0428F1793C00E93585 /* Assets.xcassets in Resources */ = {isa = PBXBuildFile; fileRef = CFB6EE0328F1793C00E93585 /* Assets.xcassets */; };
		CFB6EE0628F1793C00E93585 /* DailyToDoListWidget.intentdefinition in Sources */ = {isa = PBXBuildFile; fileRef = CFB6EE0228F1793B00E93585 /* DailyToDoListWidget.intentdefinition */; };
		CFB6EE0728F1793C00E93585 /* DailyToDoListWidget.intentdefinition in Sources */ = {isa = PBXBuildFile; fileRef = CFB6EE0228F1793B00E93585 /* DailyToDoListWidget.intentdefinition */; };
		CFB6EE0A28F1793C00E93585 /* DailyToDoListWidgetExtension.appex in Embed App Extensions */ = {isa = PBXBuildFile; fileRef = CFB6EDFC28F1793B00E93585 /* DailyToDoListWidgetExtension.appex */; settings = {ATTRIBUTES = (RemoveHeadersOnCopy, ); }; };
		CFCEA0C328F1A78600A49D82 /* GoogleService-Info.plist in Resources */ = {isa = PBXBuildFile; fileRef = CFCEA0C228F1A78600A49D82 /* GoogleService-Info.plist */; };
		CFD0B12A28F1BC2D0029D936 /* EachTask.swift in Sources */ = {isa = PBXBuildFile; fileRef = CFEB4A4128F14D1C008850DC /* EachTask.swift */; };
		CFD0B12B28F1BC930029D936 /* WidgetManager.swift in Sources */ = {isa = PBXBuildFile; fileRef = CF487EA128F1B69500498451 /* WidgetManager.swift */; };
		CFD0B12C28F1BCB00029D936 /* RealmManager.swift in Sources */ = {isa = PBXBuildFile; fileRef = CFEB4A7528F16BF3008850DC /* RealmManager.swift */; };
		CFD0B12D28F1BD150029D936 /* Enums.swift in Sources */ = {isa = PBXBuildFile; fileRef = CFEB4A3B28F14CB4008850DC /* Enums.swift */; };
		CFD0B12E28F1BD260029D936 /* CategoryData.swift in Sources */ = {isa = PBXBuildFile; fileRef = CFEB4A3F28F14D1C008850DC /* CategoryData.swift */; };
		CFD0B12F28F1BD3A0029D936 /* StringKeys.swift in Sources */ = {isa = PBXBuildFile; fileRef = CFEB4A3D28F14CCA008850DC /* StringKeys.swift */; };
		CFD0B13228F1BE500029D936 /* ClassExtension.swift in Sources */ = {isa = PBXBuildFile; fileRef = CFD0B13128F1BE500029D936 /* ClassExtension.swift */; };
		CFD0B13328F2C44F0029D936 /* ClassExtension.swift in Sources */ = {isa = PBXBuildFile; fileRef = CFD0B13128F1BE500029D936 /* ClassExtension.swift */; };
		CFD0B13B28F905380029D936 /* AlarmInfo.swift in Sources */ = {isa = PBXBuildFile; fileRef = CFD0B13A28F905380029D936 /* AlarmInfo.swift */; };
		CFD0B13C28F90C2B0029D936 /* AlarmInfo.swift in Sources */ = {isa = PBXBuildFile; fileRef = CFD0B13A28F905380029D936 /* AlarmInfo.swift */; };
		CFD0B13D28F90C2F0029D936 /* PushManager.swift in Sources */ = {isa = PBXBuildFile; fileRef = CFEB4A5928F155E5008850DC /* PushManager.swift */; };
		CFD0B13E28F90C440029D936 /* DataManager.swift in Sources */ = {isa = PBXBuildFile; fileRef = CFEB4A5828F155E5008850DC /* DataManager.swift */; };
		CFD0B13F28F90D210029D936 /* CloudManager.swift in Sources */ = {isa = PBXBuildFile; fileRef = CFEB4A5428F1559D008850DC /* CloudManager.swift */; };
		CFD0B14028F90D210029D936 /* UserData.swift in Sources */ = {isa = PBXBuildFile; fileRef = CFEB4A4228F14D1C008850DC /* UserData.swift */; };
		CFD0B14128F90D210029D936 /* FirebaseManager.swift in Sources */ = {isa = PBXBuildFile; fileRef = CFEB4A5228F1559D008850DC /* FirebaseManager.swift */; };
		CFD0B14228F90DA80029D936 /* PopupManager.swift in Sources */ = {isa = PBXBuildFile; fileRef = CFEB4A5A28F155E5008850DC /* PopupManager.swift */; };
		CFD0B14628F91CDB0029D936 /* TaskInfo.storyboard in Resources */ = {isa = PBXBuildFile; fileRef = CFD0B14528F91CDB0029D936 /* TaskInfo.storyboard */; };
		CFD0B14828F91CEA0029D936 /* TaskInfoViewController.swift in Sources */ = {isa = PBXBuildFile; fileRef = CFD0B14728F91CEA0029D936 /* TaskInfoViewController.swift */; };
		CFEB49DB28F13287008850DC /* AppDelegate.swift in Sources */ = {isa = PBXBuildFile; fileRef = CFEB49DA28F13287008850DC /* AppDelegate.swift */; };
		CFEB49DD28F13287008850DC /* SceneDelegate.swift in Sources */ = {isa = PBXBuildFile; fileRef = CFEB49DC28F13287008850DC /* SceneDelegate.swift */; };
		CFEB49DF28F13287008850DC /* MainViewController.swift in Sources */ = {isa = PBXBuildFile; fileRef = CFEB49DE28F13287008850DC /* MainViewController.swift */; };
		CFEB49E228F13287008850DC /* Main.storyboard in Resources */ = {isa = PBXBuildFile; fileRef = CFEB49E028F13287008850DC /* Main.storyboard */; };
		CFEB49E428F13288008850DC /* Assets.xcassets in Resources */ = {isa = PBXBuildFile; fileRef = CFEB49E328F13288008850DC /* Assets.xcassets */; };
		CFEB49E728F13288008850DC /* LaunchScreen.storyboard in Resources */ = {isa = PBXBuildFile; fileRef = CFEB49E528F13288008850DC /* LaunchScreen.storyboard */; };
		CFEB49F228F13289008850DC /* DailyToDoListTests.swift in Sources */ = {isa = PBXBuildFile; fileRef = CFEB49F128F13289008850DC /* DailyToDoListTests.swift */; };
		CFEB49FC28F13289008850DC /* DailyToDoListUITests.swift in Sources */ = {isa = PBXBuildFile; fileRef = CFEB49FB28F13289008850DC /* DailyToDoListUITests.swift */; };
		CFEB49FE28F13289008850DC /* DailyToDoListUITestsLaunchTests.swift in Sources */ = {isa = PBXBuildFile; fileRef = CFEB49FD28F13289008850DC /* DailyToDoListUITestsLaunchTests.swift */; };
		CFEB4A2E28F14B68008850DC /* Setting.storyboard in Resources */ = {isa = PBXBuildFile; fileRef = CFEB4A2D28F14B68008850DC /* Setting.storyboard */; };
		CFEB4A3228F14BC7008850DC /* LoginViewController.swift in Sources */ = {isa = PBXBuildFile; fileRef = CFEB4A3128F14BC7008850DC /* LoginViewController.swift */; };
		CFEB4A3828F14BEF008850DC /* SettingViewController.swift in Sources */ = {isa = PBXBuildFile; fileRef = CFEB4A3728F14BEF008850DC /* SettingViewController.swift */; };
		CFEB4A3A28F14CA0008850DC /* Utils.swift in Sources */ = {isa = PBXBuildFile; fileRef = CFEB4A3928F14CA0008850DC /* Utils.swift */; };
		CFEB4A3C28F14CB4008850DC /* Enums.swift in Sources */ = {isa = PBXBuildFile; fileRef = CFEB4A3B28F14CB4008850DC /* Enums.swift */; };
		CFEB4A3E28F14CCA008850DC /* StringKeys.swift in Sources */ = {isa = PBXBuildFile; fileRef = CFEB4A3D28F14CCA008850DC /* StringKeys.swift */; };
		CFEB4A4328F14D1C008850DC /* CategoryData.swift in Sources */ = {isa = PBXBuildFile; fileRef = CFEB4A3F28F14D1C008850DC /* CategoryData.swift */; };
		CFEB4A4428F14D1C008850DC /* RepeatResult.swift in Sources */ = {isa = PBXBuildFile; fileRef = CFEB4A4028F14D1C008850DC /* RepeatResult.swift */; };
		CFEB4A4528F14D1C008850DC /* EachTask.swift in Sources */ = {isa = PBXBuildFile; fileRef = CFEB4A4128F14D1C008850DC /* EachTask.swift */; };
		CFEB4A4628F14D1C008850DC /* UserData.swift in Sources */ = {isa = PBXBuildFile; fileRef = CFEB4A4228F14D1C008850DC /* UserData.swift */; };
		CFEB4A4928F14D25008850DC /* DailyTaskCell.swift in Sources */ = {isa = PBXBuildFile; fileRef = CFEB4A4728F14D25008850DC /* DailyTaskCell.swift */; };
		CFEB4A4D28F150BD008850DC /* CloudKit.framework in Frameworks */ = {isa = PBXBuildFile; fileRef = CFEB4A4C28F150BD008850DC /* CloudKit.framework */; };
		CFEB4A5528F1559D008850DC /* FirebaseManager.swift in Sources */ = {isa = PBXBuildFile; fileRef = CFEB4A5228F1559D008850DC /* FirebaseManager.swift */; };
		CFEB4A5628F1559D008850DC /* SystemManager.swift in Sources */ = {isa = PBXBuildFile; fileRef = CFEB4A5328F1559D008850DC /* SystemManager.swift */; };
		CFEB4A5728F1559D008850DC /* CloudManager.swift in Sources */ = {isa = PBXBuildFile; fileRef = CFEB4A5428F1559D008850DC /* CloudManager.swift */; };
		CFEB4A5B28F155E5008850DC /* DataManager.swift in Sources */ = {isa = PBXBuildFile; fileRef = CFEB4A5828F155E5008850DC /* DataManager.swift */; };
		CFEB4A5C28F155E5008850DC /* PushManager.swift in Sources */ = {isa = PBXBuildFile; fileRef = CFEB4A5928F155E5008850DC /* PushManager.swift */; };
		CFEB4A5D28F155E5008850DC /* PopupManager.swift in Sources */ = {isa = PBXBuildFile; fileRef = CFEB4A5A28F155E5008850DC /* PopupManager.swift */; };
		CFEB4A6028F15621008850DC /* CustomNavigationController.swift in Sources */ = {isa = PBXBuildFile; fileRef = CFEB4A5F28F15621008850DC /* CustomNavigationController.swift */; };
		CFEB4A6228F16234008850DC /* Repeat.storyboard in Resources */ = {isa = PBXBuildFile; fileRef = CFEB4A6128F16234008850DC /* Repeat.storyboard */; };
		CFEB4A6428F16243008850DC /* RepeatViewController.swift in Sources */ = {isa = PBXBuildFile; fileRef = CFEB4A6328F16243008850DC /* RepeatViewController.swift */; };
		CFEB4A6628F165C2008850DC /* Category.storyboard in Resources */ = {isa = PBXBuildFile; fileRef = CFEB4A6528F165C2008850DC /* Category.storyboard */; };
		CFEB4A6828F165D1008850DC /* CategoryViewController.swift in Sources */ = {isa = PBXBuildFile; fileRef = CFEB4A6728F165D1008850DC /* CategoryViewController.swift */; };
		CFEB4A6A28F1672F008850DC /* ColorPickerViewController.swift in Sources */ = {isa = PBXBuildFile; fileRef = CFEB4A6928F1672F008850DC /* ColorPickerViewController.swift */; };
		CFEB4A6C28F16B15008850DC /* Picker.storyboard in Resources */ = {isa = PBXBuildFile; fileRef = CFEB4A6B28F16B15008850DC /* Picker.storyboard */; };
		CFEB4A6E28F16B27008850DC /* PickerViewController.swift in Sources */ = {isa = PBXBuildFile; fileRef = CFEB4A6D28F16B27008850DC /* PickerViewController.swift */; };
		CFEB4A7628F16BF3008850DC /* RealmManager.swift in Sources */ = {isa = PBXBuildFile; fileRef = CFEB4A7528F16BF3008850DC /* RealmManager.swift */; };
		D6F604C6072C7D0443D92723 /* Pods_DailyToDoListTests.framework in Frameworks */ = {isa = PBXBuildFile; fileRef = 84C6325AF26B7FDBC7D3F318 /* Pods_DailyToDoListTests.framework */; };
/* End PBXBuildFile section */

/* Begin PBXContainerItemProxy section */
		CFB6EE0828F1793C00E93585 /* PBXContainerItemProxy */ = {
			isa = PBXContainerItemProxy;
			containerPortal = CFEB49CF28F13287008850DC /* Project object */;
			proxyType = 1;
			remoteGlobalIDString = CFB6EDFB28F1793B00E93585;
			remoteInfo = DailyToDoListWidgetExtension;
		};
		CFEB49EE28F13289008850DC /* PBXContainerItemProxy */ = {
			isa = PBXContainerItemProxy;
			containerPortal = CFEB49CF28F13287008850DC /* Project object */;
			proxyType = 1;
			remoteGlobalIDString = CFEB49D628F13287008850DC;
			remoteInfo = DailyToDoList;
		};
		CFEB49F828F13289008850DC /* PBXContainerItemProxy */ = {
			isa = PBXContainerItemProxy;
			containerPortal = CFEB49CF28F13287008850DC /* Project object */;
			proxyType = 1;
			remoteGlobalIDString = CFEB49D628F13287008850DC;
			remoteInfo = DailyToDoList;
		};
/* End PBXContainerItemProxy section */

/* Begin PBXCopyFilesBuildPhase section */
		CFEB4A1F28F133B4008850DC /* Embed App Extensions */ = {
			isa = PBXCopyFilesBuildPhase;
			buildActionMask = 12;
			dstPath = "";
			dstSubfolderSpec = 13;
			files = (
				CFB6EE0A28F1793C00E93585 /* DailyToDoListWidgetExtension.appex in Embed App Extensions */,
			);
			name = "Embed App Extensions";
			runOnlyForDeploymentPostprocessing = 0;
		};
/* End PBXCopyFilesBuildPhase section */

/* Begin PBXFileReference section */
		467F5B050E3A02C833B2F451 /* Pods-DailyToDoListTests.debug.xcconfig */ = {isa = PBXFileReference; includeInIndex = 1; lastKnownFileType = text.xcconfig; name = "Pods-DailyToDoListTests.debug.xcconfig"; path = "Target Support Files/Pods-DailyToDoListTests/Pods-DailyToDoListTests.debug.xcconfig"; sourceTree = "<group>"; };
		5289FFF5F4DD1039BC6F07E7 /* Pods-DailyToDoListWidgetExtension.debug.xcconfig */ = {isa = PBXFileReference; includeInIndex = 1; lastKnownFileType = text.xcconfig; name = "Pods-DailyToDoListWidgetExtension.debug.xcconfig"; path = "Target Support Files/Pods-DailyToDoListWidgetExtension/Pods-DailyToDoListWidgetExtension.debug.xcconfig"; sourceTree = "<group>"; };
		5ACCCB995945E25A9809652E /* Pods-DailyToDoList-DailyToDoListUITests.debug.xcconfig */ = {isa = PBXFileReference; includeInIndex = 1; lastKnownFileType = text.xcconfig; name = "Pods-DailyToDoList-DailyToDoListUITests.debug.xcconfig"; path = "Target Support Files/Pods-DailyToDoList-DailyToDoListUITests/Pods-DailyToDoList-DailyToDoListUITests.debug.xcconfig"; sourceTree = "<group>"; };
		7FD8240AF20153F625539B37 /* Pods-DailyToDoList.release.xcconfig */ = {isa = PBXFileReference; includeInIndex = 1; lastKnownFileType = text.xcconfig; name = "Pods-DailyToDoList.release.xcconfig"; path = "Target Support Files/Pods-DailyToDoList/Pods-DailyToDoList.release.xcconfig"; sourceTree = "<group>"; };
		84C6325AF26B7FDBC7D3F318 /* Pods_DailyToDoListTests.framework */ = {isa = PBXFileReference; explicitFileType = wrapper.framework; includeInIndex = 0; path = Pods_DailyToDoListTests.framework; sourceTree = BUILT_PRODUCTS_DIR; };
		A35E5E7F35062A3BD1D46091 /* Pods-DailyToDoList.debug.xcconfig */ = {isa = PBXFileReference; includeInIndex = 1; lastKnownFileType = text.xcconfig; name = "Pods-DailyToDoList.debug.xcconfig"; path = "Target Support Files/Pods-DailyToDoList/Pods-DailyToDoList.debug.xcconfig"; sourceTree = "<group>"; };
		A966525D1237CBB5C4F5A754 /* Pods-DailyToDoListTests.release.xcconfig */ = {isa = PBXFileReference; includeInIndex = 1; lastKnownFileType = text.xcconfig; name = "Pods-DailyToDoListTests.release.xcconfig"; path = "Target Support Files/Pods-DailyToDoListTests/Pods-DailyToDoListTests.release.xcconfig"; sourceTree = "<group>"; };
		B424714D6DA22D6AC0DEDBF4 /* Pods_DailyToDoList.framework */ = {isa = PBXFileReference; explicitFileType = wrapper.framework; includeInIndex = 0; path = Pods_DailyToDoList.framework; sourceTree = BUILT_PRODUCTS_DIR; };
		B96FC2FFD7DB8D5BE2D47F53 /* Pods-DailyToDoListWidgetExtension.release.xcconfig */ = {isa = PBXFileReference; includeInIndex = 1; lastKnownFileType = text.xcconfig; name = "Pods-DailyToDoListWidgetExtension.release.xcconfig"; path = "Target Support Files/Pods-DailyToDoListWidgetExtension/Pods-DailyToDoListWidgetExtension.release.xcconfig"; sourceTree = "<group>"; };
		CBD3B0CCC378FBF85307DC03 /* Pods-DailyToDoList-DailyToDoListUITests.release.xcconfig */ = {isa = PBXFileReference; includeInIndex = 1; lastKnownFileType = text.xcconfig; name = "Pods-DailyToDoList-DailyToDoListUITests.release.xcconfig"; path = "Target Support Files/Pods-DailyToDoList-DailyToDoListUITests/Pods-DailyToDoList-DailyToDoListUITests.release.xcconfig"; sourceTree = "<group>"; };
		CF14B2D32E19ED93024DA425 /* Pods_DailyToDoList_DailyToDoListUITests.framework */ = {isa = PBXFileReference; explicitFileType = wrapper.framework; includeInIndex = 0; path = Pods_DailyToDoList_DailyToDoListUITests.framework; sourceTree = BUILT_PRODUCTS_DIR; };
		CF487EA128F1B69500498451 /* WidgetManager.swift */ = {isa = PBXFileReference; lastKnownFileType = sourcecode.swift; path = WidgetManager.swift; sourceTree = "<group>"; };
		CF487EA328F1B6C900498451 /* DailyToDoListWidget.entitlements */ = {isa = PBXFileReference; fileEncoding = 4; lastKnownFileType = text.plist.entitlements; path = DailyToDoListWidget.entitlements; sourceTree = "<group>"; };
		CF487EA428F1B6D200498451 /* TaskListEntryView.swift */ = {isa = PBXFileReference; lastKnownFileType = sourcecode.swift; path = TaskListEntryView.swift; sourceTree = "<group>"; };
		CF487EA628F1B6F100498451 /* TaskListProvider.swift */ = {isa = PBXFileReference; lastKnownFileType = sourcecode.swift; path = TaskListProvider.swift; sourceTree = "<group>"; };
		CF7595FD28FD19870046FDC1 /* MonthlyTaskCell.swift */ = {isa = PBXFileReference; lastKnownFileType = sourcecode.swift; path = MonthlyTaskCell.swift; sourceTree = "<group>"; };
		CF7595FF28FD1D7F0046FDC1 /* CustomCalendarView.swift */ = {isa = PBXFileReference; lastKnownFileType = sourcecode.swift; path = CustomCalendarView.swift; sourceTree = "<group>"; };
		CF75960128FD1F1B0046FDC1 /* MainVCExtension.swift */ = {isa = PBXFileReference; lastKnownFileType = sourcecode.swift; path = MainVCExtension.swift; sourceTree = "<group>"; };
		CF7596092900F35B0046FDC1 /* SideMenu.storyboard */ = {isa = PBXFileReference; lastKnownFileType = file.storyboard; path = SideMenu.storyboard; sourceTree = "<group>"; };
		CF75960B2900F39A0046FDC1 /* CustomSideMenuNavigation.swift */ = {isa = PBXFileReference; lastKnownFileType = sourcecode.swift; path = CustomSideMenuNavigation.swift; sourceTree = "<group>"; };
		CF75960F2900F48A0046FDC1 /* SideMenuViewController.swift */ = {isa = PBXFileReference; lastKnownFileType = sourcecode.swift; path = SideMenuViewController.swift; sourceTree = "<group>"; };
		CFB6EDFC28F1793B00E93585 /* DailyToDoListWidgetExtension.appex */ = {isa = PBXFileReference; explicitFileType = "wrapper.app-extension"; includeInIndex = 0; path = DailyToDoListWidgetExtension.appex; sourceTree = BUILT_PRODUCTS_DIR; };
		CFB6EE0028F1793B00E93585 /* DailyToDoListWidget.swift */ = {isa = PBXFileReference; lastKnownFileType = sourcecode.swift; path = DailyToDoListWidget.swift; sourceTree = "<group>"; };
		CFB6EE0228F1793B00E93585 /* DailyToDoListWidget.intentdefinition */ = {isa = PBXFileReference; lastKnownFileType = file.intentdefinition; path = DailyToDoListWidget.intentdefinition; sourceTree = "<group>"; };
		CFB6EE0328F1793C00E93585 /* Assets.xcassets */ = {isa = PBXFileReference; lastKnownFileType = folder.assetcatalog; path = Assets.xcassets; sourceTree = "<group>"; };
		CFB6EE0528F1793C00E93585 /* Info.plist */ = {isa = PBXFileReference; lastKnownFileType = text.plist.xml; path = Info.plist; sourceTree = "<group>"; };
		CFCEA0C228F1A78600A49D82 /* GoogleService-Info.plist */ = {isa = PBXFileReference; fileEncoding = 4; lastKnownFileType = text.plist.xml; path = "GoogleService-Info.plist"; sourceTree = "<group>"; };
		CFD0B13128F1BE500029D936 /* ClassExtension.swift */ = {isa = PBXFileReference; fileEncoding = 4; lastKnownFileType = sourcecode.swift; path = ClassExtension.swift; sourceTree = "<group>"; };
		CFD0B13A28F905380029D936 /* AlarmInfo.swift */ = {isa = PBXFileReference; lastKnownFileType = sourcecode.swift; path = AlarmInfo.swift; sourceTree = "<group>"; };
		CFD0B14528F91CDB0029D936 /* TaskInfo.storyboard */ = {isa = PBXFileReference; lastKnownFileType = file.storyboard; path = TaskInfo.storyboard; sourceTree = "<group>"; };
		CFD0B14728F91CEA0029D936 /* TaskInfoViewController.swift */ = {isa = PBXFileReference; lastKnownFileType = sourcecode.swift; path = TaskInfoViewController.swift; sourceTree = "<group>"; };
		CFEB49D728F13287008850DC /* DailyToDoList.app */ = {isa = PBXFileReference; explicitFileType = wrapper.application; includeInIndex = 0; path = DailyToDoList.app; sourceTree = BUILT_PRODUCTS_DIR; };
		CFEB49DA28F13287008850DC /* AppDelegate.swift */ = {isa = PBXFileReference; lastKnownFileType = sourcecode.swift; path = AppDelegate.swift; sourceTree = "<group>"; };
		CFEB49DC28F13287008850DC /* SceneDelegate.swift */ = {isa = PBXFileReference; lastKnownFileType = sourcecode.swift; path = SceneDelegate.swift; sourceTree = "<group>"; };
		CFEB49DE28F13287008850DC /* MainViewController.swift */ = {isa = PBXFileReference; lastKnownFileType = sourcecode.swift; path = MainViewController.swift; sourceTree = "<group>"; };
		CFEB49E128F13287008850DC /* Base */ = {isa = PBXFileReference; lastKnownFileType = file.storyboard; name = Base; path = Base.lproj/Main.storyboard; sourceTree = "<group>"; };
		CFEB49E328F13288008850DC /* Assets.xcassets */ = {isa = PBXFileReference; lastKnownFileType = folder.assetcatalog; path = Assets.xcassets; sourceTree = "<group>"; };
		CFEB49E628F13288008850DC /* Base */ = {isa = PBXFileReference; lastKnownFileType = file.storyboard; name = Base; path = Base.lproj/LaunchScreen.storyboard; sourceTree = "<group>"; };
		CFEB49E828F13288008850DC /* Info.plist */ = {isa = PBXFileReference; lastKnownFileType = text.plist.xml; path = Info.plist; sourceTree = "<group>"; };
		CFEB49ED28F13289008850DC /* DailyToDoListTests.xctest */ = {isa = PBXFileReference; explicitFileType = wrapper.cfbundle; includeInIndex = 0; path = DailyToDoListTests.xctest; sourceTree = BUILT_PRODUCTS_DIR; };
		CFEB49F128F13289008850DC /* DailyToDoListTests.swift */ = {isa = PBXFileReference; lastKnownFileType = sourcecode.swift; path = DailyToDoListTests.swift; sourceTree = "<group>"; };
		CFEB49F728F13289008850DC /* DailyToDoListUITests.xctest */ = {isa = PBXFileReference; explicitFileType = wrapper.cfbundle; includeInIndex = 0; path = DailyToDoListUITests.xctest; sourceTree = BUILT_PRODUCTS_DIR; };
		CFEB49FB28F13289008850DC /* DailyToDoListUITests.swift */ = {isa = PBXFileReference; lastKnownFileType = sourcecode.swift; path = DailyToDoListUITests.swift; sourceTree = "<group>"; };
		CFEB49FD28F13289008850DC /* DailyToDoListUITestsLaunchTests.swift */ = {isa = PBXFileReference; lastKnownFileType = sourcecode.swift; path = DailyToDoListUITestsLaunchTests.swift; sourceTree = "<group>"; };
		CFEB4A0F28F133B3008850DC /* WidgetKit.framework */ = {isa = PBXFileReference; lastKnownFileType = wrapper.framework; name = WidgetKit.framework; path = System/Library/Frameworks/WidgetKit.framework; sourceTree = SDKROOT; };
		CFEB4A1128F133B3008850DC /* SwiftUI.framework */ = {isa = PBXFileReference; lastKnownFileType = wrapper.framework; name = SwiftUI.framework; path = System/Library/Frameworks/SwiftUI.framework; sourceTree = SDKROOT; };
		CFEB4A2D28F14B68008850DC /* Setting.storyboard */ = {isa = PBXFileReference; lastKnownFileType = file.storyboard; path = Setting.storyboard; sourceTree = "<group>"; };
		CFEB4A3128F14BC7008850DC /* LoginViewController.swift */ = {isa = PBXFileReference; lastKnownFileType = sourcecode.swift; path = LoginViewController.swift; sourceTree = "<group>"; };
		CFEB4A3728F14BEF008850DC /* SettingViewController.swift */ = {isa = PBXFileReference; lastKnownFileType = sourcecode.swift; path = SettingViewController.swift; sourceTree = "<group>"; };
		CFEB4A3928F14CA0008850DC /* Utils.swift */ = {isa = PBXFileReference; lastKnownFileType = sourcecode.swift; path = Utils.swift; sourceTree = "<group>"; };
		CFEB4A3B28F14CB4008850DC /* Enums.swift */ = {isa = PBXFileReference; lastKnownFileType = sourcecode.swift; path = Enums.swift; sourceTree = "<group>"; };
		CFEB4A3D28F14CCA008850DC /* StringKeys.swift */ = {isa = PBXFileReference; lastKnownFileType = sourcecode.swift; path = StringKeys.swift; sourceTree = "<group>"; };
		CFEB4A3F28F14D1C008850DC /* CategoryData.swift */ = {isa = PBXFileReference; fileEncoding = 4; lastKnownFileType = sourcecode.swift; path = CategoryData.swift; sourceTree = "<group>"; };
		CFEB4A4028F14D1C008850DC /* RepeatResult.swift */ = {isa = PBXFileReference; fileEncoding = 4; lastKnownFileType = sourcecode.swift; path = RepeatResult.swift; sourceTree = "<group>"; };
		CFEB4A4128F14D1C008850DC /* EachTask.swift */ = {isa = PBXFileReference; fileEncoding = 4; lastKnownFileType = sourcecode.swift; path = EachTask.swift; sourceTree = "<group>"; };
		CFEB4A4228F14D1C008850DC /* UserData.swift */ = {isa = PBXFileReference; fileEncoding = 4; lastKnownFileType = sourcecode.swift; path = UserData.swift; sourceTree = "<group>"; };
		CFEB4A4728F14D25008850DC /* DailyTaskCell.swift */ = {isa = PBXFileReference; fileEncoding = 4; lastKnownFileType = sourcecode.swift; path = DailyTaskCell.swift; sourceTree = "<group>"; };
		CFEB4A4B28F15087008850DC /* DailyToDoList.entitlements */ = {isa = PBXFileReference; lastKnownFileType = text.plist.entitlements; path = DailyToDoList.entitlements; sourceTree = "<group>"; };
		CFEB4A4C28F150BD008850DC /* CloudKit.framework */ = {isa = PBXFileReference; lastKnownFileType = wrapper.framework; name = CloudKit.framework; path = System/Library/Frameworks/CloudKit.framework; sourceTree = SDKROOT; };
		CFEB4A5228F1559D008850DC /* FirebaseManager.swift */ = {isa = PBXFileReference; fileEncoding = 4; lastKnownFileType = sourcecode.swift; path = FirebaseManager.swift; sourceTree = "<group>"; };
		CFEB4A5328F1559D008850DC /* SystemManager.swift */ = {isa = PBXFileReference; fileEncoding = 4; lastKnownFileType = sourcecode.swift; path = SystemManager.swift; sourceTree = "<group>"; };
		CFEB4A5428F1559D008850DC /* CloudManager.swift */ = {isa = PBXFileReference; fileEncoding = 4; lastKnownFileType = sourcecode.swift; path = CloudManager.swift; sourceTree = "<group>"; };
		CFEB4A5828F155E5008850DC /* DataManager.swift */ = {isa = PBXFileReference; fileEncoding = 4; lastKnownFileType = sourcecode.swift; path = DataManager.swift; sourceTree = "<group>"; };
		CFEB4A5928F155E5008850DC /* PushManager.swift */ = {isa = PBXFileReference; fileEncoding = 4; lastKnownFileType = sourcecode.swift; path = PushManager.swift; sourceTree = "<group>"; };
		CFEB4A5A28F155E5008850DC /* PopupManager.swift */ = {isa = PBXFileReference; fileEncoding = 4; lastKnownFileType = sourcecode.swift; path = PopupManager.swift; sourceTree = "<group>"; };
		CFEB4A5F28F15621008850DC /* CustomNavigationController.swift */ = {isa = PBXFileReference; fileEncoding = 4; lastKnownFileType = sourcecode.swift; path = CustomNavigationController.swift; sourceTree = "<group>"; };
		CFEB4A6128F16234008850DC /* Repeat.storyboard */ = {isa = PBXFileReference; lastKnownFileType = file.storyboard; path = Repeat.storyboard; sourceTree = "<group>"; };
		CFEB4A6328F16243008850DC /* RepeatViewController.swift */ = {isa = PBXFileReference; lastKnownFileType = sourcecode.swift; path = RepeatViewController.swift; sourceTree = "<group>"; };
		CFEB4A6528F165C2008850DC /* Category.storyboard */ = {isa = PBXFileReference; lastKnownFileType = file.storyboard; path = Category.storyboard; sourceTree = "<group>"; };
		CFEB4A6728F165D1008850DC /* CategoryViewController.swift */ = {isa = PBXFileReference; lastKnownFileType = sourcecode.swift; path = CategoryViewController.swift; sourceTree = "<group>"; };
		CFEB4A6928F1672F008850DC /* ColorPickerViewController.swift */ = {isa = PBXFileReference; fileEncoding = 4; lastKnownFileType = sourcecode.swift; path = ColorPickerViewController.swift; sourceTree = "<group>"; };
		CFEB4A6B28F16B15008850DC /* Picker.storyboard */ = {isa = PBXFileReference; lastKnownFileType = file.storyboard; path = Picker.storyboard; sourceTree = "<group>"; };
		CFEB4A6D28F16B27008850DC /* PickerViewController.swift */ = {isa = PBXFileReference; fileEncoding = 4; lastKnownFileType = sourcecode.swift; path = PickerViewController.swift; sourceTree = "<group>"; };
		CFEB4A7528F16BF3008850DC /* RealmManager.swift */ = {isa = PBXFileReference; fileEncoding = 4; lastKnownFileType = sourcecode.swift; path = RealmManager.swift; sourceTree = "<group>"; };
		DA0361B340816FBD1DE99C05 /* Pods_DailyToDoListWidgetExtension.framework */ = {isa = PBXFileReference; explicitFileType = wrapper.framework; includeInIndex = 0; path = Pods_DailyToDoListWidgetExtension.framework; sourceTree = BUILT_PRODUCTS_DIR; };
/* End PBXFileReference section */

/* Begin PBXFrameworksBuildPhase section */
		CFB6EDF928F1793B00E93585 /* Frameworks */ = {
			isa = PBXFrameworksBuildPhase;
			buildActionMask = 2147483647;
			files = (
				CFB6EDFE28F1793B00E93585 /* SwiftUI.framework in Frameworks */,
				CFB6EDFD28F1793B00E93585 /* WidgetKit.framework in Frameworks */,
				B0FF32B014443FCB4CB82F57 /* Pods_DailyToDoListWidgetExtension.framework in Frameworks */,
			);
			runOnlyForDeploymentPostprocessing = 0;
		};
		CFEB49D428F13287008850DC /* Frameworks */ = {
			isa = PBXFrameworksBuildPhase;
			buildActionMask = 2147483647;
			files = (
				CFEB4A4D28F150BD008850DC /* CloudKit.framework in Frameworks */,
				039EBF1C84CF0741F318BC0B /* Pods_DailyToDoList.framework in Frameworks */,
			);
			runOnlyForDeploymentPostprocessing = 0;
		};
		CFEB49EA28F13289008850DC /* Frameworks */ = {
			isa = PBXFrameworksBuildPhase;
			buildActionMask = 2147483647;
			files = (
				D6F604C6072C7D0443D92723 /* Pods_DailyToDoListTests.framework in Frameworks */,
			);
			runOnlyForDeploymentPostprocessing = 0;
		};
		CFEB49F428F13289008850DC /* Frameworks */ = {
			isa = PBXFrameworksBuildPhase;
			buildActionMask = 2147483647;
			files = (
				8FE067354A8C310CB276DF1F /* Pods_DailyToDoList_DailyToDoListUITests.framework in Frameworks */,
			);
			runOnlyForDeploymentPostprocessing = 0;
		};
/* End PBXFrameworksBuildPhase section */

/* Begin PBXGroup section */
		3471AE7C12A772111E1F0366 /* Pods */ = {
			isa = PBXGroup;
			children = (
				A35E5E7F35062A3BD1D46091 /* Pods-DailyToDoList.debug.xcconfig */,
				7FD8240AF20153F625539B37 /* Pods-DailyToDoList.release.xcconfig */,
				5ACCCB995945E25A9809652E /* Pods-DailyToDoList-DailyToDoListUITests.debug.xcconfig */,
				CBD3B0CCC378FBF85307DC03 /* Pods-DailyToDoList-DailyToDoListUITests.release.xcconfig */,
				467F5B050E3A02C833B2F451 /* Pods-DailyToDoListTests.debug.xcconfig */,
				A966525D1237CBB5C4F5A754 /* Pods-DailyToDoListTests.release.xcconfig */,
				5289FFF5F4DD1039BC6F07E7 /* Pods-DailyToDoListWidgetExtension.debug.xcconfig */,
				B96FC2FFD7DB8D5BE2D47F53 /* Pods-DailyToDoListWidgetExtension.release.xcconfig */,
			);
			path = Pods;
			sourceTree = "<group>";
		};
		A948DE0F7AAA31F92523314C /* Frameworks */ = {
			isa = PBXGroup;
			children = (
				CFEB4A4C28F150BD008850DC /* CloudKit.framework */,
				CFEB4A0F28F133B3008850DC /* WidgetKit.framework */,
				CFEB4A1128F133B3008850DC /* SwiftUI.framework */,
				B424714D6DA22D6AC0DEDBF4 /* Pods_DailyToDoList.framework */,
				CF14B2D32E19ED93024DA425 /* Pods_DailyToDoList_DailyToDoListUITests.framework */,
				84C6325AF26B7FDBC7D3F318 /* Pods_DailyToDoListTests.framework */,
				DA0361B340816FBD1DE99C05 /* Pods_DailyToDoListWidgetExtension.framework */,
			);
			name = Frameworks;
			sourceTree = "<group>";
		};
		CFB6EDFF28F1793B00E93585 /* DailyToDoListWidget */ = {
			isa = PBXGroup;
			children = (
				CF487EA328F1B6C900498451 /* DailyToDoListWidget.entitlements */,
				CF487EA428F1B6D200498451 /* TaskListEntryView.swift */,
				CF487EA628F1B6F100498451 /* TaskListProvider.swift */,
				CF487EA128F1B69500498451 /* WidgetManager.swift */,
				CFB6EE0028F1793B00E93585 /* DailyToDoListWidget.swift */,
				CFB6EE0228F1793B00E93585 /* DailyToDoListWidget.intentdefinition */,
				CFB6EE0328F1793C00E93585 /* Assets.xcassets */,
				CFB6EE0528F1793C00E93585 /* Info.plist */,
			);
			path = DailyToDoListWidget;
			sourceTree = "<group>";
		};
		CFD0B13028F1BE1E0029D936 /* Extension */ = {
			isa = PBXGroup;
			children = (
				CFD0B13128F1BE500029D936 /* ClassExtension.swift */,
			);
			path = Extension;
			sourceTree = "<group>";
		};
		CFEB49CE28F13287008850DC = {
			isa = PBXGroup;
			children = (
				CFEB49D928F13287008850DC /* DailyToDoList */,
				CFEB49F028F13289008850DC /* DailyToDoListTests */,
				CFEB49FA28F13289008850DC /* DailyToDoListUITests */,
				CFB6EDFF28F1793B00E93585 /* DailyToDoListWidget */,
				CFEB49D828F13287008850DC /* Products */,
				3471AE7C12A772111E1F0366 /* Pods */,
				A948DE0F7AAA31F92523314C /* Frameworks */,
			);
			sourceTree = "<group>";
		};
		CFEB49D828F13287008850DC /* Products */ = {
			isa = PBXGroup;
			children = (
				CFEB49D728F13287008850DC /* DailyToDoList.app */,
				CFEB49ED28F13289008850DC /* DailyToDoListTests.xctest */,
				CFEB49F728F13289008850DC /* DailyToDoListUITests.xctest */,
				CFB6EDFC28F1793B00E93585 /* DailyToDoListWidgetExtension.appex */,
			);
			name = Products;
			sourceTree = "<group>";
		};
		CFEB49D928F13287008850DC /* DailyToDoList */ = {
			isa = PBXGroup;
			children = (
				CFEB4A4B28F15087008850DC /* DailyToDoList.entitlements */,
				CFEB4A2828F14B1C008850DC /* StoryBoard */,
				CFEB4A2328F14AE3008850DC /* VeiwController */,
				CFD0B13028F1BE1E0029D936 /* Extension */,
				CFEB4A2728F14B06008850DC /* Convenience */,
				CFEB4A2428F14AEF008850DC /* Model */,
				CFEB4A5128F1556C008850DC /* Manager */,
				CFEB49DA28F13287008850DC /* AppDelegate.swift */,
				CFEB49DC28F13287008850DC /* SceneDelegate.swift */,
				CFEB49E328F13288008850DC /* Assets.xcassets */,
				CFEB49E828F13288008850DC /* Info.plist */,
				CFCEA0C228F1A78600A49D82 /* GoogleService-Info.plist */,
			);
			path = DailyToDoList;
			sourceTree = "<group>";
		};
		CFEB49F028F13289008850DC /* DailyToDoListTests */ = {
			isa = PBXGroup;
			children = (
				CFEB49F128F13289008850DC /* DailyToDoListTests.swift */,
			);
			path = DailyToDoListTests;
			sourceTree = "<group>";
		};
		CFEB49FA28F13289008850DC /* DailyToDoListUITests */ = {
			isa = PBXGroup;
			children = (
				CFEB49FB28F13289008850DC /* DailyToDoListUITests.swift */,
				CFEB49FD28F13289008850DC /* DailyToDoListUITestsLaunchTests.swift */,
			);
			path = DailyToDoListUITests;
			sourceTree = "<group>";
		};
		CFEB4A2328F14AE3008850DC /* VeiwController */ = {
			isa = PBXGroup;
			children = (
				CFEB49DE28F13287008850DC /* MainViewController.swift */,
				CF75960128FD1F1B0046FDC1 /* MainVCExtension.swift */,
				CFEB4A3128F14BC7008850DC /* LoginViewController.swift */,
				CFEB4A3728F14BEF008850DC /* SettingViewController.swift */,
				CFEB4A6328F16243008850DC /* RepeatViewController.swift */,
				CFEB4A6D28F16B27008850DC /* PickerViewController.swift */,
				CFEB4A6728F165D1008850DC /* CategoryViewController.swift */,
				CFEB4A6928F1672F008850DC /* ColorPickerViewController.swift */,
				CFD0B14728F91CEA0029D936 /* TaskInfoViewController.swift */,
				CF75960B2900F39A0046FDC1 /* CustomSideMenuNavigation.swift */,
				CFEB4A5F28F15621008850DC /* CustomNavigationController.swift */,
				CF75960F2900F48A0046FDC1 /* SideMenuViewController.swift */,
			);
			path = VeiwController;
			sourceTree = "<group>";
		};
		CFEB4A2428F14AEF008850DC /* Model */ = {
			isa = PBXGroup;
			children = (
				CFEB4A2528F14AFB008850DC /* Data */,
				CFEB4A2628F14B01008850DC /* UI */,
			);
			path = Model;
			sourceTree = "<group>";
		};
		CFEB4A2528F14AFB008850DC /* Data */ = {
			isa = PBXGroup;
			children = (
				CFEB4A4228F14D1C008850DC /* UserData.swift */,
				CFEB4A3F28F14D1C008850DC /* CategoryData.swift */,
				CFEB4A4128F14D1C008850DC /* EachTask.swift */,
				CFEB4A4028F14D1C008850DC /* RepeatResult.swift */,
				CFD0B13A28F905380029D936 /* AlarmInfo.swift */,
			);
			path = Data;
			sourceTree = "<group>";
		};
		CFEB4A2628F14B01008850DC /* UI */ = {
			isa = PBXGroup;
			children = (
				CFEB4A4728F14D25008850DC /* DailyTaskCell.swift */,
				CF7595FD28FD19870046FDC1 /* MonthlyTaskCell.swift */,
				CF7595FF28FD1D7F0046FDC1 /* CustomCalendarView.swift */,
			);
			path = UI;
			sourceTree = "<group>";
		};
		CFEB4A2728F14B06008850DC /* Convenience */ = {
			isa = PBXGroup;
			children = (
				CFEB4A3928F14CA0008850DC /* Utils.swift */,
				CFEB4A3B28F14CB4008850DC /* Enums.swift */,
				CFEB4A3D28F14CCA008850DC /* StringKeys.swift */,
			);
			path = Convenience;
			sourceTree = "<group>";
		};
		CFEB4A2828F14B1C008850DC /* StoryBoard */ = {
			isa = PBXGroup;
			children = (
				CFEB49E528F13288008850DC /* LaunchScreen.storyboard */,
				CFEB49E028F13287008850DC /* Main.storyboard */,
				CFEB4A2D28F14B68008850DC /* Setting.storyboard */,
				CFEB4A6128F16234008850DC /* Repeat.storyboard */,
				CFEB4A6528F165C2008850DC /* Category.storyboard */,
				CFEB4A6B28F16B15008850DC /* Picker.storyboard */,
				CFD0B14528F91CDB0029D936 /* TaskInfo.storyboard */,
				CF7596092900F35B0046FDC1 /* SideMenu.storyboard */,
			);
			path = StoryBoard;
			sourceTree = "<group>";
		};
		CFEB4A5128F1556C008850DC /* Manager */ = {
			isa = PBXGroup;
			children = (
				CFEB4A7528F16BF3008850DC /* RealmManager.swift */,
				CFEB4A5428F1559D008850DC /* CloudManager.swift */,
				CFEB4A5228F1559D008850DC /* FirebaseManager.swift */,
				CFEB4A5328F1559D008850DC /* SystemManager.swift */,
				CFEB4A5828F155E5008850DC /* DataManager.swift */,
				CFEB4A5A28F155E5008850DC /* PopupManager.swift */,
				CFEB4A5928F155E5008850DC /* PushManager.swift */,
			);
			path = Manager;
			sourceTree = "<group>";
		};
/* End PBXGroup section */

/* Begin PBXNativeTarget section */
		CFB6EDFB28F1793B00E93585 /* DailyToDoListWidgetExtension */ = {
			isa = PBXNativeTarget;
			buildConfigurationList = CFB6EE0B28F1793C00E93585 /* Build configuration list for PBXNativeTarget "DailyToDoListWidgetExtension" */;
			buildPhases = (
				67E2A6AFB89226562EBBB82A /* [CP] Check Pods Manifest.lock */,
				CFB6EDF828F1793B00E93585 /* Sources */,
				CFB6EDF928F1793B00E93585 /* Frameworks */,
				CFB6EDFA28F1793B00E93585 /* Resources */,
			);
			buildRules = (
			);
			dependencies = (
			);
			name = DailyToDoListWidgetExtension;
			productName = DailyToDoListWidgetExtension;
			productReference = CFB6EDFC28F1793B00E93585 /* DailyToDoListWidgetExtension.appex */;
			productType = "com.apple.product-type.app-extension";
		};
		CFEB49D628F13287008850DC /* DailyToDoList */ = {
			isa = PBXNativeTarget;
			buildConfigurationList = CFEB4A0128F13289008850DC /* Build configuration list for PBXNativeTarget "DailyToDoList" */;
			buildPhases = (
				ADA0E58115072D16095F4B88 /* [CP] Check Pods Manifest.lock */,
				CFEB49D328F13287008850DC /* Sources */,
				CFEB49D428F13287008850DC /* Frameworks */,
				CFEB49D528F13287008850DC /* Resources */,
				CFEB4A1F28F133B4008850DC /* Embed App Extensions */,
				BB445C21CDBBA0496CBE582C /* [CP] Embed Pods Frameworks */,
			);
			buildRules = (
			);
			dependencies = (
				CFB6EE0928F1793C00E93585 /* PBXTargetDependency */,
			);
			name = DailyToDoList;
			productName = DailyToDoList;
			productReference = CFEB49D728F13287008850DC /* DailyToDoList.app */;
			productType = "com.apple.product-type.application";
		};
		CFEB49EC28F13289008850DC /* DailyToDoListTests */ = {
			isa = PBXNativeTarget;
			buildConfigurationList = CFEB4A0428F13289008850DC /* Build configuration list for PBXNativeTarget "DailyToDoListTests" */;
			buildPhases = (
				CCF4A29288164FDDD163EC13 /* [CP] Check Pods Manifest.lock */,
				CFEB49E928F13289008850DC /* Sources */,
				CFEB49EA28F13289008850DC /* Frameworks */,
				CFEB49EB28F13289008850DC /* Resources */,
			);
			buildRules = (
			);
			dependencies = (
				CFEB49EF28F13289008850DC /* PBXTargetDependency */,
			);
			name = DailyToDoListTests;
			productName = DailyToDoListTests;
			productReference = CFEB49ED28F13289008850DC /* DailyToDoListTests.xctest */;
			productType = "com.apple.product-type.bundle.unit-test";
		};
		CFEB49F628F13289008850DC /* DailyToDoListUITests */ = {
			isa = PBXNativeTarget;
			buildConfigurationList = CFEB4A0728F13289008850DC /* Build configuration list for PBXNativeTarget "DailyToDoListUITests" */;
			buildPhases = (
				A56E7E4439604798ACCDBEAC /* [CP] Check Pods Manifest.lock */,
				CFEB49F328F13289008850DC /* Sources */,
				CFEB49F428F13289008850DC /* Frameworks */,
				CFEB49F528F13289008850DC /* Resources */,
				282DBB151D2F01718BBC7A34 /* [CP] Embed Pods Frameworks */,
			);
			buildRules = (
			);
			dependencies = (
				CFEB49F928F13289008850DC /* PBXTargetDependency */,
			);
			name = DailyToDoListUITests;
			productName = DailyToDoListUITests;
			productReference = CFEB49F728F13289008850DC /* DailyToDoListUITests.xctest */;
			productType = "com.apple.product-type.bundle.ui-testing";
		};
/* End PBXNativeTarget section */

/* Begin PBXProject section */
		CFEB49CF28F13287008850DC /* Project object */ = {
			isa = PBXProject;
			attributes = {
				BuildIndependentTargetsInParallel = 1;
				LastSwiftUpdateCheck = 1340;
				LastUpgradeCheck = 1340;
				TargetAttributes = {
					CFB6EDFB28F1793B00E93585 = {
						CreatedOnToolsVersion = 13.4.1;
					};
					CFEB49D628F13287008850DC = {
						CreatedOnToolsVersion = 13.4.1;
					};
					CFEB49EC28F13289008850DC = {
						CreatedOnToolsVersion = 13.4.1;
						TestTargetID = CFEB49D628F13287008850DC;
					};
					CFEB49F628F13289008850DC = {
						CreatedOnToolsVersion = 13.4.1;
						TestTargetID = CFEB49D628F13287008850DC;
					};
				};
			};
			buildConfigurationList = CFEB49D228F13287008850DC /* Build configuration list for PBXProject "DailyToDoList" */;
			compatibilityVersion = "Xcode 13.0";
			developmentRegion = en;
			hasScannedForEncodings = 0;
			knownRegions = (
				en,
				Base,
			);
			mainGroup = CFEB49CE28F13287008850DC;
			productRefGroup = CFEB49D828F13287008850DC /* Products */;
			projectDirPath = "";
			projectRoot = "";
			targets = (
				CFEB49D628F13287008850DC /* DailyToDoList */,
				CFEB49EC28F13289008850DC /* DailyToDoListTests */,
				CFEB49F628F13289008850DC /* DailyToDoListUITests */,
				CFB6EDFB28F1793B00E93585 /* DailyToDoListWidgetExtension */,
			);
		};
/* End PBXProject section */

/* Begin PBXResourcesBuildPhase section */
		CFB6EDFA28F1793B00E93585 /* Resources */ = {
			isa = PBXResourcesBuildPhase;
			buildActionMask = 2147483647;
			files = (
				CFB6EE0428F1793C00E93585 /* Assets.xcassets in Resources */,
			);
			runOnlyForDeploymentPostprocessing = 0;
		};
		CFEB49D528F13287008850DC /* Resources */ = {
			isa = PBXResourcesBuildPhase;
			buildActionMask = 2147483647;
			files = (
				CFEB4A6C28F16B15008850DC /* Picker.storyboard in Resources */,
				CFCEA0C328F1A78600A49D82 /* GoogleService-Info.plist in Resources */,
				CFEB49E728F13288008850DC /* LaunchScreen.storyboard in Resources */,
				CFD0B14628F91CDB0029D936 /* TaskInfo.storyboard in Resources */,
				CFEB4A6628F165C2008850DC /* Category.storyboard in Resources */,
				CFEB49E428F13288008850DC /* Assets.xcassets in Resources */,
				CF75960A2900F35B0046FDC1 /* SideMenu.storyboard in Resources */,
				CFEB49E228F13287008850DC /* Main.storyboard in Resources */,
				CFEB4A6228F16234008850DC /* Repeat.storyboard in Resources */,
				CFEB4A2E28F14B68008850DC /* Setting.storyboard in Resources */,
			);
			runOnlyForDeploymentPostprocessing = 0;
		};
		CFEB49EB28F13289008850DC /* Resources */ = {
			isa = PBXResourcesBuildPhase;
			buildActionMask = 2147483647;
			files = (
			);
			runOnlyForDeploymentPostprocessing = 0;
		};
		CFEB49F528F13289008850DC /* Resources */ = {
			isa = PBXResourcesBuildPhase;
			buildActionMask = 2147483647;
			files = (
			);
			runOnlyForDeploymentPostprocessing = 0;
		};
/* End PBXResourcesBuildPhase section */

/* Begin PBXShellScriptBuildPhase section */
		282DBB151D2F01718BBC7A34 /* [CP] Embed Pods Frameworks */ = {
			isa = PBXShellScriptBuildPhase;
			buildActionMask = 2147483647;
			files = (
			);
			inputFileListPaths = (
				"${PODS_ROOT}/Target Support Files/Pods-DailyToDoList-DailyToDoListUITests/Pods-DailyToDoList-DailyToDoListUITests-frameworks-${CONFIGURATION}-input-files.xcfilelist",
			);
			name = "[CP] Embed Pods Frameworks";
			outputFileListPaths = (
				"${PODS_ROOT}/Target Support Files/Pods-DailyToDoList-DailyToDoListUITests/Pods-DailyToDoList-DailyToDoListUITests-frameworks-${CONFIGURATION}-output-files.xcfilelist",
			);
			runOnlyForDeploymentPostprocessing = 0;
			shellPath = /bin/sh;
			shellScript = "\"${PODS_ROOT}/Target Support Files/Pods-DailyToDoList-DailyToDoListUITests/Pods-DailyToDoList-DailyToDoListUITests-frameworks.sh\"\n";
			showEnvVarsInLog = 0;
		};
		67E2A6AFB89226562EBBB82A /* [CP] Check Pods Manifest.lock */ = {
			isa = PBXShellScriptBuildPhase;
			buildActionMask = 2147483647;
			files = (
			);
			inputFileListPaths = (
			);
			inputPaths = (
				"${PODS_PODFILE_DIR_PATH}/Podfile.lock",
				"${PODS_ROOT}/Manifest.lock",
			);
			name = "[CP] Check Pods Manifest.lock";
			outputFileListPaths = (
			);
			outputPaths = (
				"$(DERIVED_FILE_DIR)/Pods-DailyToDoListWidgetExtension-checkManifestLockResult.txt",
			);
			runOnlyForDeploymentPostprocessing = 0;
			shellPath = /bin/sh;
			shellScript = "diff \"${PODS_PODFILE_DIR_PATH}/Podfile.lock\" \"${PODS_ROOT}/Manifest.lock\" > /dev/null\nif [ $? != 0 ] ; then\n    # print error to STDERR\n    echo \"error: The sandbox is not in sync with the Podfile.lock. Run 'pod install' or update your CocoaPods installation.\" >&2\n    exit 1\nfi\n# This output is used by Xcode 'outputs' to avoid re-running this script phase.\necho \"SUCCESS\" > \"${SCRIPT_OUTPUT_FILE_0}\"\n";
			showEnvVarsInLog = 0;
		};
		A56E7E4439604798ACCDBEAC /* [CP] Check Pods Manifest.lock */ = {
			isa = PBXShellScriptBuildPhase;
			buildActionMask = 2147483647;
			files = (
			);
			inputFileListPaths = (
			);
			inputPaths = (
				"${PODS_PODFILE_DIR_PATH}/Podfile.lock",
				"${PODS_ROOT}/Manifest.lock",
			);
			name = "[CP] Check Pods Manifest.lock";
			outputFileListPaths = (
			);
			outputPaths = (
				"$(DERIVED_FILE_DIR)/Pods-DailyToDoList-DailyToDoListUITests-checkManifestLockResult.txt",
			);
			runOnlyForDeploymentPostprocessing = 0;
			shellPath = /bin/sh;
			shellScript = "diff \"${PODS_PODFILE_DIR_PATH}/Podfile.lock\" \"${PODS_ROOT}/Manifest.lock\" > /dev/null\nif [ $? != 0 ] ; then\n    # print error to STDERR\n    echo \"error: The sandbox is not in sync with the Podfile.lock. Run 'pod install' or update your CocoaPods installation.\" >&2\n    exit 1\nfi\n# This output is used by Xcode 'outputs' to avoid re-running this script phase.\necho \"SUCCESS\" > \"${SCRIPT_OUTPUT_FILE_0}\"\n";
			showEnvVarsInLog = 0;
		};
		ADA0E58115072D16095F4B88 /* [CP] Check Pods Manifest.lock */ = {
			isa = PBXShellScriptBuildPhase;
			buildActionMask = 2147483647;
			files = (
			);
			inputFileListPaths = (
			);
			inputPaths = (
				"${PODS_PODFILE_DIR_PATH}/Podfile.lock",
				"${PODS_ROOT}/Manifest.lock",
			);
			name = "[CP] Check Pods Manifest.lock";
			outputFileListPaths = (
			);
			outputPaths = (
				"$(DERIVED_FILE_DIR)/Pods-DailyToDoList-checkManifestLockResult.txt",
			);
			runOnlyForDeploymentPostprocessing = 0;
			shellPath = /bin/sh;
			shellScript = "diff \"${PODS_PODFILE_DIR_PATH}/Podfile.lock\" \"${PODS_ROOT}/Manifest.lock\" > /dev/null\nif [ $? != 0 ] ; then\n    # print error to STDERR\n    echo \"error: The sandbox is not in sync with the Podfile.lock. Run 'pod install' or update your CocoaPods installation.\" >&2\n    exit 1\nfi\n# This output is used by Xcode 'outputs' to avoid re-running this script phase.\necho \"SUCCESS\" > \"${SCRIPT_OUTPUT_FILE_0}\"\n";
			showEnvVarsInLog = 0;
		};
		BB445C21CDBBA0496CBE582C /* [CP] Embed Pods Frameworks */ = {
			isa = PBXShellScriptBuildPhase;
			buildActionMask = 2147483647;
			files = (
			);
			inputFileListPaths = (
				"${PODS_ROOT}/Target Support Files/Pods-DailyToDoList/Pods-DailyToDoList-frameworks-${CONFIGURATION}-input-files.xcfilelist",
			);
			name = "[CP] Embed Pods Frameworks";
			outputFileListPaths = (
				"${PODS_ROOT}/Target Support Files/Pods-DailyToDoList/Pods-DailyToDoList-frameworks-${CONFIGURATION}-output-files.xcfilelist",
			);
			runOnlyForDeploymentPostprocessing = 0;
			shellPath = /bin/sh;
			shellScript = "\"${PODS_ROOT}/Target Support Files/Pods-DailyToDoList/Pods-DailyToDoList-frameworks.sh\"\n";
			showEnvVarsInLog = 0;
		};
		CCF4A29288164FDDD163EC13 /* [CP] Check Pods Manifest.lock */ = {
			isa = PBXShellScriptBuildPhase;
			buildActionMask = 2147483647;
			files = (
			);
			inputFileListPaths = (
			);
			inputPaths = (
				"${PODS_PODFILE_DIR_PATH}/Podfile.lock",
				"${PODS_ROOT}/Manifest.lock",
			);
			name = "[CP] Check Pods Manifest.lock";
			outputFileListPaths = (
			);
			outputPaths = (
				"$(DERIVED_FILE_DIR)/Pods-DailyToDoListTests-checkManifestLockResult.txt",
			);
			runOnlyForDeploymentPostprocessing = 0;
			shellPath = /bin/sh;
			shellScript = "diff \"${PODS_PODFILE_DIR_PATH}/Podfile.lock\" \"${PODS_ROOT}/Manifest.lock\" > /dev/null\nif [ $? != 0 ] ; then\n    # print error to STDERR\n    echo \"error: The sandbox is not in sync with the Podfile.lock. Run 'pod install' or update your CocoaPods installation.\" >&2\n    exit 1\nfi\n# This output is used by Xcode 'outputs' to avoid re-running this script phase.\necho \"SUCCESS\" > \"${SCRIPT_OUTPUT_FILE_0}\"\n";
			showEnvVarsInLog = 0;
		};
/* End PBXShellScriptBuildPhase section */

/* Begin PBXSourcesBuildPhase section */
		CFB6EDF828F1793B00E93585 /* Sources */ = {
			isa = PBXSourcesBuildPhase;
			buildActionMask = 2147483647;
			files = (
				CF75962D290119B80046FDC1 /* CustomNavigationController.swift in Sources */,
				CFB6EE0628F1793C00E93585 /* DailyToDoListWidget.intentdefinition in Sources */,
				CF759630290119D50046FDC1 /* MonthlyTaskCell.swift in Sources */,
				CFD0B13E28F90C440029D936 /* DataManager.swift in Sources */,
				CFD0B12F28F1BD3A0029D936 /* StringKeys.swift in Sources */,
				CF759627290119B80046FDC1 /* PickerViewController.swift in Sources */,
				CFD0B13328F2C44F0029D936 /* ClassExtension.swift in Sources */,
				CF759619290119A50046FDC1 /* CustomCalendarView.swift in Sources */,
				CF75962E290119D50046FDC1 /* DailyTaskCell.swift in Sources */,
				CFD0B12E28F1BD260029D936 /* CategoryData.swift in Sources */,
				CFD0B12C28F1BCB00029D936 /* RealmManager.swift in Sources */,
				CFD0B12B28F1BC930029D936 /* WidgetManager.swift in Sources */,
				CFD0B12A28F1BC2D0029D936 /* EachTask.swift in Sources */,
				CFD0B13D28F90C2F0029D936 /* PushManager.swift in Sources */,
				CFB6EE0128F1793B00E93585 /* DailyToDoListWidget.swift in Sources */,
				CF487EA528F1B6D200498451 /* TaskListEntryView.swift in Sources */,
				CFD0B13C28F90C2B0029D936 /* AlarmInfo.swift in Sources */,
				CF759625290119B80046FDC1 /* SideMenuViewController.swift in Sources */,
				CF759623290119B80046FDC1 /* TaskInfoViewController.swift in Sources */,
				CF759624290119B80046FDC1 /* ColorPickerViewController.swift in Sources */,
				CFD0B14128F90D210029D936 /* FirebaseManager.swift in Sources */,
				CF759626290119B80046FDC1 /* RepeatViewController.swift in Sources */,
				CFD0B14228F90DA80029D936 /* PopupManager.swift in Sources */,
				CF7596142901188B0046FDC1 /* SystemManager.swift in Sources */,
				CF487EA728F1B6F100498451 /* TaskListProvider.swift in Sources */,
				CFD0B14028F90D210029D936 /* UserData.swift in Sources */,
				CFD0B12D28F1BD150029D936 /* Enums.swift in Sources */,
				CF75962B290119B80046FDC1 /* SettingViewController.swift in Sources */,
				CF487EAA28F1B72900498451 /* Utils.swift in Sources */,
				CF759622290119B80046FDC1 /* CategoryViewController.swift in Sources */,
				CFD0B13F28F90D210029D936 /* CloudManager.swift in Sources */,
				CF75962F290119D50046FDC1 /* RepeatResult.swift in Sources */,
				CF75962C290119B80046FDC1 /* CustomSideMenuNavigation.swift in Sources */,
			);
			runOnlyForDeploymentPostprocessing = 0;
		};
		CFEB49D328F13287008850DC /* Sources */ = {
			isa = PBXSourcesBuildPhase;
			buildActionMask = 2147483647;
			files = (
				CFEB4A4328F14D1C008850DC /* CategoryData.swift in Sources */,
				CFD0B13228F1BE500029D936 /* ClassExtension.swift in Sources */,
				CFEB4A3E28F14CCA008850DC /* StringKeys.swift in Sources */,
				CFD0B13B28F905380029D936 /* AlarmInfo.swift in Sources */,
				CF75960028FD1D7F0046FDC1 /* CustomCalendarView.swift in Sources */,
				CFEB4A4628F14D1C008850DC /* UserData.swift in Sources */,
				CFEB4A4528F14D1C008850DC /* EachTask.swift in Sources */,
				CFEB4A6A28F1672F008850DC /* ColorPickerViewController.swift in Sources */,
				CFEB4A4428F14D1C008850DC /* RepeatResult.swift in Sources */,
				CFEB4A6428F16243008850DC /* RepeatViewController.swift in Sources */,
				CFEB4A3C28F14CB4008850DC /* Enums.swift in Sources */,
				CF7595FE28FD19870046FDC1 /* MonthlyTaskCell.swift in Sources */,
				CFEB4A3A28F14CA0008850DC /* Utils.swift in Sources */,
				CFEB4A6828F165D1008850DC /* CategoryViewController.swift in Sources */,
				CFEB4A5628F1559D008850DC /* SystemManager.swift in Sources */,
				CFEB4A5B28F155E5008850DC /* DataManager.swift in Sources */,
				CF487EAD28F1B76500498451 /* WidgetManager.swift in Sources */,
				CF487EA828F1B6FF00498451 /* TaskListProvider.swift in Sources */,
				CFD0B14828F91CEA0029D936 /* TaskInfoViewController.swift in Sources */,
				CFEB4A5C28F155E5008850DC /* PushManager.swift in Sources */,
				CF487EA928F1B71900498451 /* TaskListEntryView.swift in Sources */,
				CFEB4A6028F15621008850DC /* CustomNavigationController.swift in Sources */,
				CFEB4A7628F16BF3008850DC /* RealmManager.swift in Sources */,
				CF75960C2900F39A0046FDC1 /* CustomSideMenuNavigation.swift in Sources */,
				CF75960228FD1F1B0046FDC1 /* MainVCExtension.swift in Sources */,
				CFB6EE0728F1793C00E93585 /* DailyToDoListWidget.intentdefinition in Sources */,
				CFEB4A3828F14BEF008850DC /* SettingViewController.swift in Sources */,
				CFEB4A5528F1559D008850DC /* FirebaseManager.swift in Sources */,
				CF7596102900F48A0046FDC1 /* SideMenuViewController.swift in Sources */,
				CFEB49DF28F13287008850DC /* MainViewController.swift in Sources */,
				CFEB4A5728F1559D008850DC /* CloudManager.swift in Sources */,
				CFEB4A4928F14D25008850DC /* DailyTaskCell.swift in Sources */,
				CFEB49DB28F13287008850DC /* AppDelegate.swift in Sources */,
				CFEB4A3228F14BC7008850DC /* LoginViewController.swift in Sources */,
				CFEB49DD28F13287008850DC /* SceneDelegate.swift in Sources */,
				CFEB4A6E28F16B27008850DC /* PickerViewController.swift in Sources */,
				CFEB4A5D28F155E5008850DC /* PopupManager.swift in Sources */,
			);
			runOnlyForDeploymentPostprocessing = 0;
		};
		CFEB49E928F13289008850DC /* Sources */ = {
			isa = PBXSourcesBuildPhase;
			buildActionMask = 2147483647;
			files = (
				CFEB49F228F13289008850DC /* DailyToDoListTests.swift in Sources */,
			);
			runOnlyForDeploymentPostprocessing = 0;
		};
		CFEB49F328F13289008850DC /* Sources */ = {
			isa = PBXSourcesBuildPhase;
			buildActionMask = 2147483647;
			files = (
				CFEB49FE28F13289008850DC /* DailyToDoListUITestsLaunchTests.swift in Sources */,
				CFEB49FC28F13289008850DC /* DailyToDoListUITests.swift in Sources */,
			);
			runOnlyForDeploymentPostprocessing = 0;
		};
/* End PBXSourcesBuildPhase section */

/* Begin PBXTargetDependency section */
		CFB6EE0928F1793C00E93585 /* PBXTargetDependency */ = {
			isa = PBXTargetDependency;
			target = CFB6EDFB28F1793B00E93585 /* DailyToDoListWidgetExtension */;
			targetProxy = CFB6EE0828F1793C00E93585 /* PBXContainerItemProxy */;
		};
		CFEB49EF28F13289008850DC /* PBXTargetDependency */ = {
			isa = PBXTargetDependency;
			target = CFEB49D628F13287008850DC /* DailyToDoList */;
			targetProxy = CFEB49EE28F13289008850DC /* PBXContainerItemProxy */;
		};
		CFEB49F928F13289008850DC /* PBXTargetDependency */ = {
			isa = PBXTargetDependency;
			target = CFEB49D628F13287008850DC /* DailyToDoList */;
			targetProxy = CFEB49F828F13289008850DC /* PBXContainerItemProxy */;
		};
/* End PBXTargetDependency section */

/* Begin PBXVariantGroup section */
		CFEB49E028F13287008850DC /* Main.storyboard */ = {
			isa = PBXVariantGroup;
			children = (
				CFEB49E128F13287008850DC /* Base */,
			);
			name = Main.storyboard;
			sourceTree = "<group>";
		};
		CFEB49E528F13288008850DC /* LaunchScreen.storyboard */ = {
			isa = PBXVariantGroup;
			children = (
				CFEB49E628F13288008850DC /* Base */,
			);
			name = LaunchScreen.storyboard;
			sourceTree = "<group>";
		};
/* End PBXVariantGroup section */

/* Begin XCBuildConfiguration section */
		CFB6EE0C28F1793C00E93585 /* Debug */ = {
			isa = XCBuildConfiguration;
			baseConfigurationReference = 5289FFF5F4DD1039BC6F07E7 /* Pods-DailyToDoListWidgetExtension.debug.xcconfig */;
			buildSettings = {
				APPLICATION_EXTENSION_API_ONLY = YES;
				ASSETCATALOG_COMPILER_GLOBAL_ACCENT_COLOR_NAME = AccentColor;
				ASSETCATALOG_COMPILER_WIDGET_BACKGROUND_COLOR_NAME = WidgetBackground;
				CODE_SIGN_ENTITLEMENTS = DailyToDoListWidgetExtension.entitlements;
				CODE_SIGN_IDENTITY = "iPhone Developer";
				CODE_SIGN_STYLE = Manual;
				CURRENT_PROJECT_VERSION = 1;
				DEVELOPMENT_TEAM = M7QY569K4A;
				ENABLE_BITCODE = YES;
				GENERATE_INFOPLIST_FILE = YES;
				INFOPLIST_FILE = DailyToDoListWidget/Info.plist;
				INFOPLIST_KEY_CFBundleDisplayName = DailyToDoListWidget;
				INFOPLIST_KEY_NSHumanReadableCopyright = "";
				IPHONEOS_DEPLOYMENT_TARGET = 15.0;
				LD_RUNPATH_SEARCH_PATHS = (
					"$(inherited)",
					"@executable_path/Frameworks",
					"@executable_path/../../Frameworks",
				);
				MARKETING_VERSION = 1.0;
				PRODUCT_BUNDLE_IDENTIFIER = com.bailey.DailyToDoList.DailyToDoListWidget;
				PRODUCT_NAME = "$(TARGET_NAME)";
				PROVISIONING_PROFILE_SPECIFIER = DailyToDoList_Profile_Widget;
				SKIP_INSTALL = YES;
				SWIFT_EMIT_LOC_STRINGS = YES;
				SWIFT_VERSION = 5.0;
				TARGETED_DEVICE_FAMILY = "1,2";
			};
			name = Debug;
		};
		CFB6EE0D28F1793C00E93585 /* Release */ = {
			isa = XCBuildConfiguration;
			baseConfigurationReference = B96FC2FFD7DB8D5BE2D47F53 /* Pods-DailyToDoListWidgetExtension.release.xcconfig */;
			buildSettings = {
				APPLICATION_EXTENSION_API_ONLY = YES;
				ASSETCATALOG_COMPILER_GLOBAL_ACCENT_COLOR_NAME = AccentColor;
				ASSETCATALOG_COMPILER_WIDGET_BACKGROUND_COLOR_NAME = WidgetBackground;
				CODE_SIGN_ENTITLEMENTS = DailyToDoListWidgetExtension.entitlements;
				CODE_SIGN_IDENTITY = "iPhone Developer";
				CODE_SIGN_STYLE = Manual;
				CURRENT_PROJECT_VERSION = 1;
				DEVELOPMENT_TEAM = M7QY569K4A;
				ENABLE_BITCODE = YES;
				GENERATE_INFOPLIST_FILE = YES;
				INFOPLIST_FILE = DailyToDoListWidget/Info.plist;
				INFOPLIST_KEY_CFBundleDisplayName = DailyToDoListWidget;
				INFOPLIST_KEY_NSHumanReadableCopyright = "";
				IPHONEOS_DEPLOYMENT_TARGET = 15.0;
				LD_RUNPATH_SEARCH_PATHS = (
					"$(inherited)",
					"@executable_path/Frameworks",
					"@executable_path/../../Frameworks",
				);
				MARKETING_VERSION = 1.0;
				PRODUCT_BUNDLE_IDENTIFIER = com.bailey.DailyToDoList.DailyToDoListWidget;
				PRODUCT_NAME = "$(TARGET_NAME)";
				PROVISIONING_PROFILE_SPECIFIER = DailyToDoList_Profile_Widget;
				SKIP_INSTALL = YES;
				SWIFT_EMIT_LOC_STRINGS = YES;
				SWIFT_VERSION = 5.0;
				TARGETED_DEVICE_FAMILY = "1,2";
			};
			name = Release;
		};
		CFEB49FF28F13289008850DC /* Debug */ = {
			isa = XCBuildConfiguration;
			buildSettings = {
				ALWAYS_SEARCH_USER_PATHS = NO;
				CLANG_ANALYZER_NONNULL = YES;
				CLANG_ANALYZER_NUMBER_OBJECT_CONVERSION = YES_AGGRESSIVE;
				CLANG_CXX_LANGUAGE_STANDARD = "gnu++17";
				CLANG_ENABLE_MODULES = YES;
				CLANG_ENABLE_OBJC_ARC = YES;
				CLANG_ENABLE_OBJC_WEAK = YES;
				CLANG_WARN_BLOCK_CAPTURE_AUTORELEASING = YES;
				CLANG_WARN_BOOL_CONVERSION = YES;
				CLANG_WARN_COMMA = YES;
				CLANG_WARN_CONSTANT_CONVERSION = YES;
				CLANG_WARN_DEPRECATED_OBJC_IMPLEMENTATIONS = YES;
				CLANG_WARN_DIRECT_OBJC_ISA_USAGE = YES_ERROR;
				CLANG_WARN_DOCUMENTATION_COMMENTS = YES;
				CLANG_WARN_EMPTY_BODY = YES;
				CLANG_WARN_ENUM_CONVERSION = YES;
				CLANG_WARN_INFINITE_RECURSION = YES;
				CLANG_WARN_INT_CONVERSION = YES;
				CLANG_WARN_NON_LITERAL_NULL_CONVERSION = YES;
				CLANG_WARN_OBJC_IMPLICIT_RETAIN_SELF = YES;
				CLANG_WARN_OBJC_LITERAL_CONVERSION = YES;
				CLANG_WARN_OBJC_ROOT_CLASS = YES_ERROR;
				CLANG_WARN_QUOTED_INCLUDE_IN_FRAMEWORK_HEADER = YES;
				CLANG_WARN_RANGE_LOOP_ANALYSIS = YES;
				CLANG_WARN_STRICT_PROTOTYPES = YES;
				CLANG_WARN_SUSPICIOUS_MOVE = YES;
				CLANG_WARN_UNGUARDED_AVAILABILITY = YES_AGGRESSIVE;
				CLANG_WARN_UNREACHABLE_CODE = YES;
				CLANG_WARN__DUPLICATE_METHOD_MATCH = YES;
				COPY_PHASE_STRIP = NO;
				DEBUG_INFORMATION_FORMAT = dwarf;
				ENABLE_STRICT_OBJC_MSGSEND = YES;
				ENABLE_TESTABILITY = YES;
				GCC_C_LANGUAGE_STANDARD = gnu11;
				GCC_DYNAMIC_NO_PIC = NO;
				GCC_NO_COMMON_BLOCKS = YES;
				GCC_OPTIMIZATION_LEVEL = 0;
				GCC_PREPROCESSOR_DEFINITIONS = (
					"DEBUG=1",
					"$(inherited)",
				);
				GCC_WARN_64_TO_32_BIT_CONVERSION = YES;
				GCC_WARN_ABOUT_RETURN_TYPE = YES_ERROR;
				GCC_WARN_UNDECLARED_SELECTOR = YES;
				GCC_WARN_UNINITIALIZED_AUTOS = YES_AGGRESSIVE;
				GCC_WARN_UNUSED_FUNCTION = YES;
				GCC_WARN_UNUSED_VARIABLE = YES;
				IPHONEOS_DEPLOYMENT_TARGET = 15.0;
				MTL_ENABLE_DEBUG_INFO = INCLUDE_SOURCE;
				MTL_FAST_MATH = YES;
				ONLY_ACTIVE_ARCH = YES;
				SDKROOT = iphoneos;
				SWIFT_ACTIVE_COMPILATION_CONDITIONS = DEBUG;
				SWIFT_OPTIMIZATION_LEVEL = "-Onone";
			};
			name = Debug;
		};
		CFEB4A0028F13289008850DC /* Release */ = {
			isa = XCBuildConfiguration;
			buildSettings = {
				ALWAYS_SEARCH_USER_PATHS = NO;
				CLANG_ANALYZER_NONNULL = YES;
				CLANG_ANALYZER_NUMBER_OBJECT_CONVERSION = YES_AGGRESSIVE;
				CLANG_CXX_LANGUAGE_STANDARD = "gnu++17";
				CLANG_ENABLE_MODULES = YES;
				CLANG_ENABLE_OBJC_ARC = YES;
				CLANG_ENABLE_OBJC_WEAK = YES;
				CLANG_WARN_BLOCK_CAPTURE_AUTORELEASING = YES;
				CLANG_WARN_BOOL_CONVERSION = YES;
				CLANG_WARN_COMMA = YES;
				CLANG_WARN_CONSTANT_CONVERSION = YES;
				CLANG_WARN_DEPRECATED_OBJC_IMPLEMENTATIONS = YES;
				CLANG_WARN_DIRECT_OBJC_ISA_USAGE = YES_ERROR;
				CLANG_WARN_DOCUMENTATION_COMMENTS = YES;
				CLANG_WARN_EMPTY_BODY = YES;
				CLANG_WARN_ENUM_CONVERSION = YES;
				CLANG_WARN_INFINITE_RECURSION = YES;
				CLANG_WARN_INT_CONVERSION = YES;
				CLANG_WARN_NON_LITERAL_NULL_CONVERSION = YES;
				CLANG_WARN_OBJC_IMPLICIT_RETAIN_SELF = YES;
				CLANG_WARN_OBJC_LITERAL_CONVERSION = YES;
				CLANG_WARN_OBJC_ROOT_CLASS = YES_ERROR;
				CLANG_WARN_QUOTED_INCLUDE_IN_FRAMEWORK_HEADER = YES;
				CLANG_WARN_RANGE_LOOP_ANALYSIS = YES;
				CLANG_WARN_STRICT_PROTOTYPES = YES;
				CLANG_WARN_SUSPICIOUS_MOVE = YES;
				CLANG_WARN_UNGUARDED_AVAILABILITY = YES_AGGRESSIVE;
				CLANG_WARN_UNREACHABLE_CODE = YES;
				CLANG_WARN__DUPLICATE_METHOD_MATCH = YES;
				COPY_PHASE_STRIP = NO;
				DEBUG_INFORMATION_FORMAT = "dwarf-with-dsym";
				ENABLE_NS_ASSERTIONS = NO;
				ENABLE_STRICT_OBJC_MSGSEND = YES;
				GCC_C_LANGUAGE_STANDARD = gnu11;
				GCC_NO_COMMON_BLOCKS = YES;
				GCC_WARN_64_TO_32_BIT_CONVERSION = YES;
				GCC_WARN_ABOUT_RETURN_TYPE = YES_ERROR;
				GCC_WARN_UNDECLARED_SELECTOR = YES;
				GCC_WARN_UNINITIALIZED_AUTOS = YES_AGGRESSIVE;
				GCC_WARN_UNUSED_FUNCTION = YES;
				GCC_WARN_UNUSED_VARIABLE = YES;
				IPHONEOS_DEPLOYMENT_TARGET = 15.0;
				MTL_ENABLE_DEBUG_INFO = NO;
				MTL_FAST_MATH = YES;
				SDKROOT = iphoneos;
				SWIFT_COMPILATION_MODE = wholemodule;
				SWIFT_OPTIMIZATION_LEVEL = "-O";
				VALIDATE_PRODUCT = YES;
			};
			name = Release;
		};
		CFEB4A0228F13289008850DC /* Debug */ = {
			isa = XCBuildConfiguration;
			baseConfigurationReference = A35E5E7F35062A3BD1D46091 /* Pods-DailyToDoList.debug.xcconfig */;
			buildSettings = {
				ALWAYS_EMBED_SWIFT_STANDARD_LIBRARIES = YES;
				ASSETCATALOG_COMPILER_APPICON_NAME = AppIcon;
				ASSETCATALOG_COMPILER_GLOBAL_ACCENT_COLOR_NAME = AccentColor;
				CODE_SIGN_ENTITLEMENTS = DailyToDoList/DailyToDoList.entitlements;
				CODE_SIGN_IDENTITY = "iPhone Developer";
				CODE_SIGN_STYLE = Manual;
				CURRENT_PROJECT_VERSION = 1;
				DEVELOPMENT_TEAM = M7QY569K4A;
				GENERATE_INFOPLIST_FILE = YES;
				INFOPLIST_FILE = DailyToDoList/Info.plist;
				INFOPLIST_KEY_UIApplicationSupportsIndirectInputEvents = YES;
				INFOPLIST_KEY_UILaunchStoryboardName = LaunchScreen;
				INFOPLIST_KEY_UIMainStoryboardFile = Main;
				INFOPLIST_KEY_UISupportedInterfaceOrientations = UIInterfaceOrientationLandscapeLeft;
				INFOPLIST_KEY_UISupportedInterfaceOrientations_iPad = "UIInterfaceOrientationPortrait UIInterfaceOrientationPortraitUpsideDown UIInterfaceOrientationLandscapeLeft UIInterfaceOrientationLandscapeRight";
				INFOPLIST_KEY_UISupportedInterfaceOrientations_iPhone = "UIInterfaceOrientationPortrait UIInterfaceOrientationLandscapeLeft UIInterfaceOrientationLandscapeRight";
				LD_RUNPATH_SEARCH_PATHS = (
					"$(inherited)",
					"@executable_path/Frameworks",
				);
				MARKETING_VERSION = 1.0;
				PRODUCT_BUNDLE_IDENTIFIER = com.bailey.DailyToDoList;
				PRODUCT_NAME = "$(TARGET_NAME)";
				PROVISIONING_PROFILE_SPECIFIER = DailyToDoList_Profile_Develop;
				SWIFT_EMIT_LOC_STRINGS = YES;
				SWIFT_VERSION = 5.0;
				TARGETED_DEVICE_FAMILY = "1,2";
			};
			name = Debug;
		};
		CFEB4A0328F13289008850DC /* Release */ = {
			isa = XCBuildConfiguration;
			baseConfigurationReference = 7FD8240AF20153F625539B37 /* Pods-DailyToDoList.release.xcconfig */;
			buildSettings = {
				ALWAYS_EMBED_SWIFT_STANDARD_LIBRARIES = YES;
				ASSETCATALOG_COMPILER_APPICON_NAME = AppIcon;
				ASSETCATALOG_COMPILER_GLOBAL_ACCENT_COLOR_NAME = AccentColor;
				CODE_SIGN_ENTITLEMENTS = DailyToDoList/DailyToDoList.entitlements;
				CODE_SIGN_IDENTITY = "iPhone Developer";
				CODE_SIGN_STYLE = Manual;
				CURRENT_PROJECT_VERSION = 1;
				DEVELOPMENT_TEAM = M7QY569K4A;
				GENERATE_INFOPLIST_FILE = YES;
				INFOPLIST_FILE = DailyToDoList/Info.plist;
				INFOPLIST_KEY_UIApplicationSupportsIndirectInputEvents = YES;
				INFOPLIST_KEY_UILaunchStoryboardName = LaunchScreen;
				INFOPLIST_KEY_UIMainStoryboardFile = Main;
				INFOPLIST_KEY_UISupportedInterfaceOrientations = UIInterfaceOrientationLandscapeLeft;
				INFOPLIST_KEY_UISupportedInterfaceOrientations_iPad = "UIInterfaceOrientationPortrait UIInterfaceOrientationPortraitUpsideDown UIInterfaceOrientationLandscapeLeft UIInterfaceOrientationLandscapeRight";
				INFOPLIST_KEY_UISupportedInterfaceOrientations_iPhone = "UIInterfaceOrientationPortrait UIInterfaceOrientationLandscapeLeft UIInterfaceOrientationLandscapeRight";
				LD_RUNPATH_SEARCH_PATHS = (
					"$(inherited)",
					"@executable_path/Frameworks",
				);
				MARKETING_VERSION = 1.0;
				PRODUCT_BUNDLE_IDENTIFIER = com.bailey.DailyToDoList;
				PRODUCT_NAME = "$(TARGET_NAME)";
				PROVISIONING_PROFILE_SPECIFIER = DailyToDoList_Profile_Develop;
				SWIFT_EMIT_LOC_STRINGS = YES;
				SWIFT_VERSION = 5.0;
				TARGETED_DEVICE_FAMILY = "1,2";
			};
			name = Release;
		};
		CFEB4A0528F13289008850DC /* Debug */ = {
			isa = XCBuildConfiguration;
			baseConfigurationReference = 467F5B050E3A02C833B2F451 /* Pods-DailyToDoListTests.debug.xcconfig */;
			buildSettings = {
				ALWAYS_EMBED_SWIFT_STANDARD_LIBRARIES = YES;
				BUNDLE_LOADER = "$(TEST_HOST)";
				CODE_SIGN_STYLE = Automatic;
				CURRENT_PROJECT_VERSION = 1;
				DEVELOPMENT_TEAM = M7QY569K4A;
				GENERATE_INFOPLIST_FILE = YES;
				IPHONEOS_DEPLOYMENT_TARGET = 15.5;
				MARKETING_VERSION = 1.0;
				PRODUCT_BUNDLE_IDENTIFIER = com.bailey.DailyToDoListTests;
				PRODUCT_NAME = "$(TARGET_NAME)";
				SWIFT_EMIT_LOC_STRINGS = NO;
				SWIFT_VERSION = 5.0;
				TARGETED_DEVICE_FAMILY = "1,2";
				TEST_HOST = "$(BUILT_PRODUCTS_DIR)/DailyToDoList.app/DailyToDoList";
			};
			name = Debug;
		};
		CFEB4A0628F13289008850DC /* Release */ = {
			isa = XCBuildConfiguration;
			baseConfigurationReference = A966525D1237CBB5C4F5A754 /* Pods-DailyToDoListTests.release.xcconfig */;
			buildSettings = {
				ALWAYS_EMBED_SWIFT_STANDARD_LIBRARIES = YES;
				BUNDLE_LOADER = "$(TEST_HOST)";
				CODE_SIGN_STYLE = Automatic;
				CURRENT_PROJECT_VERSION = 1;
				DEVELOPMENT_TEAM = M7QY569K4A;
				GENERATE_INFOPLIST_FILE = YES;
				IPHONEOS_DEPLOYMENT_TARGET = 15.5;
				MARKETING_VERSION = 1.0;
				PRODUCT_BUNDLE_IDENTIFIER = com.bailey.DailyToDoListTests;
				PRODUCT_NAME = "$(TARGET_NAME)";
				SWIFT_EMIT_LOC_STRINGS = NO;
				SWIFT_VERSION = 5.0;
				TARGETED_DEVICE_FAMILY = "1,2";
				TEST_HOST = "$(BUILT_PRODUCTS_DIR)/DailyToDoList.app/DailyToDoList";
			};
			name = Release;
		};
		CFEB4A0828F13289008850DC /* Debug */ = {
			isa = XCBuildConfiguration;
			baseConfigurationReference = 5ACCCB995945E25A9809652E /* Pods-DailyToDoList-DailyToDoListUITests.debug.xcconfig */;
			buildSettings = {
				ALWAYS_EMBED_SWIFT_STANDARD_LIBRARIES = YES;
				CODE_SIGN_STYLE = Automatic;
				CURRENT_PROJECT_VERSION = 1;
				DEVELOPMENT_TEAM = M7QY569K4A;
				GENERATE_INFOPLIST_FILE = YES;
				MARKETING_VERSION = 1.0;
				PRODUCT_BUNDLE_IDENTIFIER = com.bailey.DailyToDoListUITests;
				PRODUCT_NAME = "$(TARGET_NAME)";
				SWIFT_EMIT_LOC_STRINGS = NO;
				SWIFT_VERSION = 5.0;
				TARGETED_DEVICE_FAMILY = "1,2";
				TEST_TARGET_NAME = DailyToDoList;
			};
			name = Debug;
		};
		CFEB4A0928F13289008850DC /* Release */ = {
			isa = XCBuildConfiguration;
			baseConfigurationReference = CBD3B0CCC378FBF85307DC03 /* Pods-DailyToDoList-DailyToDoListUITests.release.xcconfig */;
			buildSettings = {
				ALWAYS_EMBED_SWIFT_STANDARD_LIBRARIES = YES;
				CODE_SIGN_STYLE = Automatic;
				CURRENT_PROJECT_VERSION = 1;
				DEVELOPMENT_TEAM = M7QY569K4A;
				GENERATE_INFOPLIST_FILE = YES;
				MARKETING_VERSION = 1.0;
				PRODUCT_BUNDLE_IDENTIFIER = com.bailey.DailyToDoListUITests;
				PRODUCT_NAME = "$(TARGET_NAME)";
				SWIFT_EMIT_LOC_STRINGS = NO;
				SWIFT_VERSION = 5.0;
				TARGETED_DEVICE_FAMILY = "1,2";
				TEST_TARGET_NAME = DailyToDoList;
			};
			name = Release;
		};
/* End XCBuildConfiguration section */

/* Begin XCConfigurationList section */
		CFB6EE0B28F1793C00E93585 /* Build configuration list for PBXNativeTarget "DailyToDoListWidgetExtension" */ = {
			isa = XCConfigurationList;
			buildConfigurations = (
				CFB6EE0C28F1793C00E93585 /* Debug */,
				CFB6EE0D28F1793C00E93585 /* Release */,
			);
			defaultConfigurationIsVisible = 0;
			defaultConfigurationName = Release;
		};
		CFEB49D228F13287008850DC /* Build configuration list for PBXProject "DailyToDoList" */ = {
			isa = XCConfigurationList;
			buildConfigurations = (
				CFEB49FF28F13289008850DC /* Debug */,
				CFEB4A0028F13289008850DC /* Release */,
			);
			defaultConfigurationIsVisible = 0;
			defaultConfigurationName = Release;
		};
		CFEB4A0128F13289008850DC /* Build configuration list for PBXNativeTarget "DailyToDoList" */ = {
			isa = XCConfigurationList;
			buildConfigurations = (
				CFEB4A0228F13289008850DC /* Debug */,
				CFEB4A0328F13289008850DC /* Release */,
			);
			defaultConfigurationIsVisible = 0;
			defaultConfigurationName = Release;
		};
		CFEB4A0428F13289008850DC /* Build configuration list for PBXNativeTarget "DailyToDoListTests" */ = {
			isa = XCConfigurationList;
			buildConfigurations = (
				CFEB4A0528F13289008850DC /* Debug */,
				CFEB4A0628F13289008850DC /* Release */,
			);
			defaultConfigurationIsVisible = 0;
			defaultConfigurationName = Release;
		};
		CFEB4A0728F13289008850DC /* Build configuration list for PBXNativeTarget "DailyToDoListUITests" */ = {
			isa = XCConfigurationList;
			buildConfigurations = (
				CFEB4A0828F13289008850DC /* Debug */,
				CFEB4A0928F13289008850DC /* Release */,
			);
			defaultConfigurationIsVisible = 0;
			defaultConfigurationName = Release;
		};
/* End XCConfigurationList section */
	};
	rootObject = CFEB49CF28F13287008850DC /* Project object */;
}
